
Microsoft Visual Studio Solution File, Format Version 12.00
# Visual Studio Version 17
VisualStudioVersion = 17.13.35806.99 d17.13
MinimumVisualStudioVersion = 10.0.40219.1
Project("{FAE04EC0-301F-11D3-BF4B-00C04F79EFBC}") = "StrategyPattern", "StrategyPattern\StrategyPattern.csproj", "{27D503EE-117F-4278-888F-10A918B69529}"
EndProject
Global
	GlobalSection(SolutionConfigurationPlatforms) = preSolution
		Debug|Any CPU = Debug|Any CPU
		Release|Any CPU = Release|Any CPU
	EndGlobalSection
	GlobalSection(ProjectConfigurationPlatforms) = postSolution
		{27D503EE-117F-4278-888F-10A918B69529}.Debug|Any CPU.ActiveCfg = Debug|Any CPU
		{27D503EE-117F-4278-888F-10A918B69529}.Debug|Any CPU.Build.0 = Debug|Any CPU
		{27D503EE-117F-4278-888F-10A918B69529}.Release|Any CPU.ActiveCfg = Release|Any CPU
		{27D503EE-117F-4278-888F-10A918B69529}.Release|Any CPU.Build.0 = Release|Any CPU
	EndGlobalSection
	GlobalSection(SolutionProperties) = preSolution
		HideSolutionNode = FALSE
	EndGlobalSection
	GlobalSection(ExtensibilityGlobals) = postSolution
		SolutionGuid = {0610803C-547B-45C6-9BB5-77275458DDFC}
	EndGlobalSection
EndGlobal
