
Microsoft Visual Studio Solution File, Format Version 12.00
# Visual Studio Version 17
VisualStudioVersion = 17.14.36301.6 d17.14
MinimumVisualStudioVersion = 10.0.40219.1
Project("{FAE04EC0-301F-11D3-BF4B-00C04F79EFBC}") = "MediatorPattern", "MediatorPattern\MediatorPattern.csproj", "{57456341-E476-4AC0-B36E-1E70C19C6DE8}"
EndProject
Global
	GlobalSection(SolutionConfigurationPlatforms) = preSolution
		Debug|Any CPU = Debug|Any CPU
		Release|Any CPU = Release|Any CPU
	EndGlobalSection
	GlobalSection(ProjectConfigurationPlatforms) = postSolution
		{57456341-E476-4AC0-B36E-1E70C19C6DE8}.Debug|Any CPU.ActiveCfg = Debug|Any CPU
		{57456341-E476-4AC0-B36E-1E70C19C6DE8}.Debug|Any CPU.Build.0 = Debug|Any CPU
		{57456341-E476-4AC0-B36E-1E70C19C6DE8}.Release|Any CPU.ActiveCfg = Release|Any CPU
		{57456341-E476-4AC0-B36E-1E70C19C6DE8}.Release|Any CPU.Build.0 = Release|Any CPU
	EndGlobalSection
	GlobalSection(SolutionProperties) = preSolution
		HideSolutionNode = FALSE
	EndGlobalSection
	GlobalSection(ExtensibilityGlobals) = postSolution
		SolutionGuid = {5B4937D7-CD4B-4B3E-9A9C-55AC454897EB}
	EndGlobalSection
EndGlobal
